
Microsoft Visual Studio Solution File, Format Version 12.00
# Visual Studio Version 17
VisualStudioVersion = 17.14.36109.1 d17.14
MinimumVisualStudioVersion = 10.0.40219.1
Project("{FAE04EC0-301F-11D3-BF4B-00C04F79EFBC}") = "Cadastro", "Cadastro\Cadastro.csproj", "{B8F07358-4B80-4163-890F-F0A265EE632C}"
EndProject
Global
	GlobalSection(SolutionConfigurationPlatforms) = preSolution
		Debug|Any CPU = Debug|Any CPU
		Release|Any CPU = Release|Any CPU
	EndGlobalSection
	GlobalSection(ProjectConfigurationPlatforms) = postSolution
		{B8F07358-4B80-4163-890F-F0A265EE632C}.Debug|Any CPU.ActiveCfg = Debug|Any CPU
		{B8F07358-4B80-4163-890F-F0A265EE632C}.Debug|Any CPU.Build.0 = Debug|Any CPU
		{B8F07358-4B80-4163-890F-F0A265EE632C}.Release|Any CPU.ActiveCfg = Release|Any CPU
		{B8F07358-4B80-4163-890F-F0A265EE632C}.Release|Any CPU.Build.0 = Release|Any CPU
	EndGlobalSection
	GlobalSection(SolutionProperties) = preSolution
		HideSolutionNode = FALSE
	EndGlobalSection
	GlobalSection(ExtensibilityGlobals) = postSolution
		SolutionGuid = {0DC39681-5085-4E21-AA5E-EC1288A6B669}
	EndGlobalSection
EndGlobal
